{
  "name": "week4day3",
  "version": "1.0.0",
  "lockfileVersion": 2,
  "requires": true,
  "packages": {
    "": {
      "version": "1.0.0",
      "license": "ISC",
      "dependencies": {
        "@writetome51/alphabetize": "^2.0.1",
        "alpha-sort": "^5.0.0",
        "camelcase": "^6.2.0"
      }
    },
    "node_modules/@writetome51/alphabetize": {
      "version": "2.0.1",
      "resolved": "https://registry.npmjs.org/@writetome51/alphabetize/-/alphabetize-2.0.1.tgz",
      "integrity": "sha512-c/cMAYetRq6qykRXM2CYDLaqb4gl2/hQxbUqUVsQtAgdW4p3A5jQzUt4T5KxQL2Uknh0FIwADy2b2t2iOlVe7A==",
      "dependencies": {
        "@writetome51/to-str": ">=0.0.1"
      }
    },
    "node_modules/@writetome51/to-str": {
      "version": "0.0.1",
      "resolved": "https://registry.npmjs.org/@writetome51/to-str/-/to-str-0.0.1.tgz",
      "integrity": "sha512-DtS7pjaf2moRZSrdI4TCLRMVguQ75Djm3jEgv/SjzIycbdYdKYVHQE6iIQX/fF2JJ10FJ48G4w42vgNd9W5xTQ=="
    },
    "node_modules/alpha-sort": {
      "version": "5.0.0",
      "resolved": "https://registry.npmjs.org/alpha-sort/-/alpha-sort-5.0.0.tgz",
      "integrity": "sha512-ObQ58fJyEEYr7n91itdT/N4LYmg6H/HehNHIvsTL9byMLYf3acJaLpvc+/KnvNDQVX5LmACETJAtWLXA9GUTmw==",
      "engines": {
        "node": ">=12"
      },
      "funding": {
        "url": "https://github.com/sponsors/sindresorhus"
      }
    },
    "node_modules/camelcase": {
      "version": "6.2.0",
      "resolved": "https://registry.npmjs.org/camelcase/-/camelcase-6.2.0.tgz",
      "integrity": "sha512-c7wVvbw3f37nuobQNtgsgG9POC9qMbNuMQmTCqZv23b6MIz0fcYpBiOlv9gEN/hdLdnZTDQhg6e9Dq5M1vKvfg==",
      "engines": {
        "node": ">=10"
      },
      "funding": {
        "url": "https://github.com/sponsors/sindresorhus"
      }
    }
  },
  "dependencies": {
    "@writetome51/alphabetize": {
      "version": "2.0.1",
      "resolved": "https://registry.npmjs.org/@writetome51/alphabetize/-/alphabetize-2.0.1.tgz",
      "integrity": "sha512-c/cMAYetRq6qykRXM2CYDLaqb4gl2/hQxbUqUVsQtAgdW4p3A5jQzUt4T5KxQL2Uknh0FIwADy2b2t2iOlVe7A==",
      "requires": {
        "@writetome51/to-str": ">=0.0.1"
      }
    },
    "@writetome51/to-str": {
      "version": "0.0.1",
      "resolved": "https://registry.npmjs.org/@writetome51/to-str/-/to-str-0.0.1.tgz",
      "integrity": "sha512-DtS7pjaf2moRZSrdI4TCLRMVguQ75Djm3jEgv/SjzIycbdYdKYVHQE6iIQX/fF2JJ10FJ48G4w42vgNd9W5xTQ=="
    },
    "alpha-sort": {
      "version": "5.0.0",
      "resolved": "https://registry.npmjs.org/alpha-sort/-/alpha-sort-5.0.0.tgz",
      "integrity": "sha512-ObQ58fJyEEYr7n91itdT/N4LYmg6H/HehNHIvsTL9byMLYf3acJaLpvc+/KnvNDQVX5LmACETJAtWLXA9GUTmw=="
    },
    "camelcase": {
      "version": "6.2.0",
      "resolved": "https://registry.npmjs.org/camelcase/-/camelcase-6.2.0.tgz",
      "integrity": "sha512-c7wVvbw3f37nuobQNtgsgG9POC9qMbNuMQmTCqZv23b6MIz0fcYpBiOlv9gEN/hdLdnZTDQhg6e9Dq5M1vKvfg=="
    }
  }
}
